
Microsoft Visual Studio Solution File, Format Version 12.00
# Visual Studio Version 16
VisualStudioVersion = 25.0.1704.2
MinimumVisualStudioVersion = 10.0.40219.1
Project("{FAE04EC0-301F-11D3-BF4B-00C04F79EFBC}") = "nokogiri_hackathon_backend", "nokogiri_hackathon_backend\nokogiri_hackathon_backend.csproj", "{2F0061CA-E5C6-42BF-8F7D-2E717DDCEFFC}"
EndProject
Global
	GlobalSection(SolutionConfigurationPlatforms) = preSolution
		Debug|Any CPU = Debug|Any CPU
		Release|Any CPU = Release|Any CPU
	EndGlobalSection
	GlobalSection(ProjectConfigurationPlatforms) = postSolution
		{2F0061CA-E5C6-42BF-8F7D-2E717DDCEFFC}.Debug|Any CPU.ActiveCfg = Debug|Any CPU
		{2F0061CA-E5C6-42BF-8F7D-2E717DDCEFFC}.Debug|Any CPU.Build.0 = Debug|Any CPU
		{2F0061CA-E5C6-42BF-8F7D-2E717DDCEFFC}.Release|Any CPU.ActiveCfg = Release|Any CPU
		{2F0061CA-E5C6-42BF-8F7D-2E717DDCEFFC}.Release|Any CPU.Build.0 = Release|Any CPU
	EndGlobalSection
	GlobalSection(SolutionProperties) = preSolution
		HideSolutionNode = FALSE
	EndGlobalSection
	GlobalSection(ExtensibilityGlobals) = postSolution
		SolutionGuid = {B4D096FE-630B-49B9-A178-38678E3E6984}
	EndGlobalSection
EndGlobal
